// !$*UTF8*$!
{
	archiveVersion = 1;
	classes = {
	};
	objectVersion = 46;
	objects = {

/* Begin PBXBuildFile section */
		70033C8416F9562F00A266F9 /* black_background.png in Resources */ = {isa = PBXBuildFile; fileRef = 70033C8316F9562F00A266F9 /* black_background.png */; };
		70033C8716F95EAA00A266F9 /* EditStatusCell.m in Sources */ = {isa = PBXBuildFile; fileRef = 70033C8616F95EAA00A266F9 /* EditStatusCell.m */; };
		70033C8916F96EE700A266F9 /* balloon.png in Resources */ = {isa = PBXBuildFile; fileRef = 70033C8816F96EE700A266F9 /* balloon.png */; };
		70033C8B16F9715200A266F9 /* greenButton.png in Resources */ = {isa = PBXBuildFile; fileRef = 70033C8A16F9715200A266F9 /* greenButton.png */; };
		70033C8D16F97B1000A266F9 /* greenButton@2x.png in Resources */ = {isa = PBXBuildFile; fileRef = 70033C8C16F97B1000A266F9 /* greenButton@2x.png */; };
		70033C9416F9957B00A266F9 /* clock.png in Resources */ = {isa = PBXBuildFile; fileRef = 70033C9216F9957B00A266F9 /* clock.png */; };
		70033C9516F9957B00A266F9 /* clock@2x.png in Resources */ = {isa = PBXBuildFile; fileRef = 70033C9316F9957B00A266F9 /* clock@2x.png */; };
		70033C9816F9983800A266F9 /* money.png in Resources */ = {isa = PBXBuildFile; fileRef = 70033C9616F9983800A266F9 /* money.png */; };
		70033C9916F9983800A266F9 /* money@2x.png in Resources */ = {isa = PBXBuildFile; fileRef = 70033C9716F9983800A266F9 /* money@2x.png */; };
		70033C9C16F99FBB00A266F9 /* textForm.png in Resources */ = {isa = PBXBuildFile; fileRef = 70033C9A16F99FBB00A266F9 /* textForm.png */; };
		70033C9D16F99FBB00A266F9 /* textForm@2x.png in Resources */ = {isa = PBXBuildFile; fileRef = 70033C9B16F99FBB00A266F9 /* textForm@2x.png */; };
		70033CA016F9B21F00A266F9 /* navbar_background.png in Resources */ = {isa = PBXBuildFile; fileRef = 70033C9E16F9B21F00A266F9 /* navbar_background.png */; };
		70033CA116F9B21F00A266F9 /* navbar_background@2x.png in Resources */ = {isa = PBXBuildFile; fileRef = 70033C9F16F9B21F00A266F9 /* navbar_background@2x.png */; };
		70033CA416F9FCB100A266F9 /* clock2.png in Resources */ = {isa = PBXBuildFile; fileRef = 70033CA216F9FCB100A266F9 /* clock2.png */; };
		70033CA516F9FCB100A266F9 /* clock2@2x.png in Resources */ = {isa = PBXBuildFile; fileRef = 70033CA316F9FCB100A266F9 /* clock2@2x.png */; };
		70033CA816F9FD1300A266F9 /* money2.png in Resources */ = {isa = PBXBuildFile; fileRef = 70033CA616F9FD1300A266F9 /* money2.png */; };
		70033CA916F9FD1300A266F9 /* money2@2x.png in Resources */ = {isa = PBXBuildFile; fileRef = 70033CA716F9FD1300A266F9 /* money2@2x.png */; };
		70033CAB16FA00E600A266F9 /* balloon@2x.png in Resources */ = {isa = PBXBuildFile; fileRef = 70033CAA16FA00E600A266F9 /* balloon@2x.png */; };
		70033CB016FB5A3500A266F9 /* name.png in Resources */ = {isa = PBXBuildFile; fileRef = 70033CAE16FB5A3500A266F9 /* name.png */; };
		70033CB116FB5A3500A266F9 /* name@2x.png in Resources */ = {isa = PBXBuildFile; fileRef = 70033CAF16FB5A3500A266F9 /* name@2x.png */; };
		70033CB416FB5AB800A266F9 /* EditProfileCell.m in Sources */ = {isa = PBXBuildFile; fileRef = 70033CB316FB5AB800A266F9 /* EditProfileCell.m */; };
		7078EED116EA30B300083811 /* UIKit.framework in Frameworks */ = {isa = PBXBuildFile; fileRef = 7078EED016EA30B300083811 /* UIKit.framework */; };
		7078EED316EA30B300083811 /* Foundation.framework in Frameworks */ = {isa = PBXBuildFile; fileRef = 7078EED216EA30B300083811 /* Foundation.framework */; };
		7078EED516EA30B300083811 /* CoreGraphics.framework in Frameworks */ = {isa = PBXBuildFile; fileRef = 7078EED416EA30B300083811 /* CoreGraphics.framework */; };
		7078EEDB16EA30B300083811 /* InfoPlist.strings in Resources */ = {isa = PBXBuildFile; fileRef = 7078EED916EA30B300083811 /* InfoPlist.strings */; };
		7078EEDD16EA30B300083811 /* main.m in Sources */ = {isa = PBXBuildFile; fileRef = 7078EEDC16EA30B300083811 /* main.m */; };
		7078EEE116EA30B300083811 /* AppDelegate.m in Sources */ = {isa = PBXBuildFile; fileRef = 7078EEE016EA30B300083811 /* AppDelegate.m */; };
		7078EEE316EA30B300083811 /* Default.png in Resources */ = {isa = PBXBuildFile; fileRef = 7078EEE216EA30B300083811 /* Default.png */; };
		7078EEE516EA30B300083811 /* Default@2x.png in Resources */ = {isa = PBXBuildFile; fileRef = 7078EEE416EA30B300083811 /* Default@2x.png */; };
		7078EEE716EA30B300083811 /* Default-568h@2x.png in Resources */ = {isa = PBXBuildFile; fileRef = 7078EEE616EA30B300083811 /* Default-568h@2x.png */; };
		7078EEEE16EA30E000083811 /* Storyboard.storyboard in Resources */ = {isa = PBXBuildFile; fileRef = 7078EEED16EA30E000083811 /* Storyboard.storyboard */; };
		7078EEF416EA3BED00083811 /* TLViewController.m in Sources */ = {isa = PBXBuildFile; fileRef = 7078EEF316EA3BEC00083811 /* TLViewController.m */; };
		7078EEF816EA3C2A00083811 /* ProfileViewController.m in Sources */ = {isa = PBXBuildFile; fileRef = 7078EEF716EA3C2900083811 /* ProfileViewController.m */; };
		7078EEFE16EAB0B200083811 /* default_profile.png in Resources */ = {isa = PBXBuildFile; fileRef = 7078EEFD16EAB0B200083811 /* default_profile.png */; };
		7078EF0216EAC50700083811 /* ProfileCell.m in Sources */ = {isa = PBXBuildFile; fileRef = 7078EF0116EAC50700083811 /* ProfileCell.m */; };
		7078EF8916EB432F00083811 /* default_badge.png in Resources */ = {isa = PBXBuildFile; fileRef = 7078EF8816EB432F00083811 /* default_badge.png */; };
		7078EF8F16EB4AB300083811 /* default_background.png in Resources */ = {isa = PBXBuildFile; fileRef = 7078EF8E16EB4AB200083811 /* default_background.png */; };
		7078EF9216EB4BEC00083811 /* profile.png in Resources */ = {isa = PBXBuildFile; fileRef = 7078EF9016EB4BEC00083811 /* profile.png */; };
		7078EF9316EB4BEC00083811 /* profile@2x.png in Resources */ = {isa = PBXBuildFile; fileRef = 7078EF9116EB4BEC00083811 /* profile@2x.png */; };
		7078EF9616EB521A00083811 /* GraphCell.m in Sources */ = {isa = PBXBuildFile; fileRef = 7078EF9516EB521A00083811 /* GraphCell.m */; };
		7078EF9916EB9A5500083811 /* note.png in Resources */ = {isa = PBXBuildFile; fileRef = 7078EF9716EB9A5400083811 /* note.png */; };
		7078EF9A16EB9A5500083811 /* note@2x.png in Resources */ = {isa = PBXBuildFile; fileRef = 7078EF9816EB9A5500083811 /* note@2x.png */; };
		7078EF9D16EB9FDE00083811 /* SwitchCell.m in Sources */ = {isa = PBXBuildFile; fileRef = 7078EF9C16EB9FDE00083811 /* SwitchCell.m */; };
		7078EFA016EBA02600083811 /* Graph7DaysCell.m in Sources */ = {isa = PBXBuildFile; fileRef = 7078EF9F16EBA02600083811 /* Graph7DaysCell.m */; };
		7078EFA316EC264800083811 /* TLCell.m in Sources */ = {isa = PBXBuildFile; fileRef = 7078EFA216EC264500083811 /* TLCell.m */; };
		7078EFA616EC62F100083811 /* EditProfileViewController.m in Sources */ = {isa = PBXBuildFile; fileRef = 7078EFA516EC62EF00083811 /* EditProfileViewController.m */; };
		7098330C16EC64DB0093CA7D /* EditProfileImageCell.m in Sources */ = {isa = PBXBuildFile; fileRef = 7098330B16EC64DB0093CA7D /* EditProfileImageCell.m */; };
		7098330F16EC64F10093CA7D /* EditProfileTextCell.m in Sources */ = {isa = PBXBuildFile; fileRef = 7098330E16EC64F10093CA7D /* EditProfileTextCell.m */; };
		7098331216EDAC4A0093CA7D /* Profile.m in Sources */ = {isa = PBXBuildFile; fileRef = 7098331116EDAC4A0093CA7D /* Profile.m */; };
		7098331816EDEACF0093CA7D /* Status.m in Sources */ = {isa = PBXBuildFile; fileRef = 7098331716EDEACF0093CA7D /* Status.m */; };
		7098331B16EDEAE10093CA7D /* StatusManager.m in Sources */ = {isa = PBXBuildFile; fileRef = 7098331A16EDEAE10093CA7D /* StatusManager.m */; };
		7098331E16EE0D470093CA7D /* ProfileManager.m in Sources */ = {isa = PBXBuildFile; fileRef = 7098331D16EE0D470093CA7D /* ProfileManager.m */; };
		70B43CF216F902B9008814BB /* LabelCell.m in Sources */ = {isa = PBXBuildFile; fileRef = 70B43CF116F902B9008814BB /* LabelCell.m */; };
		70F26F25170826010048E7E1 /* TLManager.m in Sources */ = {isa = PBXBuildFile; fileRef = 70F26F24170826010048E7E1 /* TLManager.m */; };
		70F26F28170826180048E7E1 /* TL.m in Sources */ = {isa = PBXBuildFile; fileRef = 70F26F27170826180048E7E1 /* TL.m */; };
/* End PBXBuildFile section */

/* Begin PBXFileReference section */
		70033C8316F9562F00A266F9 /* black_background.png */ = {isa = PBXFileReference; lastKnownFileType = image.png; path = black_background.png; sourceTree = "<group>"; };
		70033C8516F95EAA00A266F9 /* EditStatusCell.h */ = {isa = PBXFileReference; fileEncoding = 4; lastKnownFileType = sourcecode.c.h; name = EditStatusCell.h; path = views/EditStatusCell.h; sourceTree = "<group>"; };
		70033C8616F95EAA00A266F9 /* EditStatusCell.m */ = {isa = PBXFileReference; fileEncoding = 4; lastKnownFileType = sourcecode.c.objc; name = EditStatusCell.m; path = views/EditStatusCell.m; sourceTree = "<group>"; };
		70033C8816F96EE700A266F9 /* balloon.png */ = {isa = PBXFileReference; lastKnownFileType = image.png; name = balloon.png; path = images/balloon.png; sourceTree = "<group>"; };
		70033C8A16F9715200A266F9 /* greenButton.png */ = {isa = PBXFileReference; lastKnownFileType = image.png; name = greenButton.png; path = images/greenButton.png; sourceTree = "<group>"; };
		70033C8C16F97B1000A266F9 /* greenButton@2x.png */ = {isa = PBXFileReference; lastKnownFileType = image.png; name = "greenButton@2x.png"; path = "images/greenButton@2x.png"; sourceTree = "<group>"; };
		70033C9216F9957B00A266F9 /* clock.png */ = {isa = PBXFileReference; lastKnownFileType = image.png; name = clock.png; path = images/clock.png; sourceTree = "<group>"; };
		70033C9316F9957B00A266F9 /* clock@2x.png */ = {isa = PBXFileReference; lastKnownFileType = image.png; name = "clock@2x.png"; path = "images/clock@2x.png"; sourceTree = "<group>"; };
		70033C9616F9983800A266F9 /* money.png */ = {isa = PBXFileReference; lastKnownFileType = image.png; name = money.png; path = images/money.png; sourceTree = "<group>"; };
		70033C9716F9983800A266F9 /* money@2x.png */ = {isa = PBXFileReference; lastKnownFileType = image.png; name = "money@2x.png"; path = "images/money@2x.png"; sourceTree = "<group>"; };
		70033C9A16F99FBB00A266F9 /* textForm.png */ = {isa = PBXFileReference; lastKnownFileType = image.png; name = textForm.png; path = images/textForm.png; sourceTree = "<group>"; };
		70033C9B16F99FBB00A266F9 /* textForm@2x.png */ = {isa = PBXFileReference; lastKnownFileType = image.png; name = "textForm@2x.png"; path = "images/textForm@2x.png"; sourceTree = "<group>"; };
		70033C9E16F9B21F00A266F9 /* navbar_background.png */ = {isa = PBXFileReference; lastKnownFileType = image.png; name = navbar_background.png; path = images/navbar_background.png; sourceTree = "<group>"; };
		70033C9F16F9B21F00A266F9 /* navbar_background@2x.png */ = {isa = PBXFileReference; lastKnownFileType = image.png; name = "navbar_background@2x.png"; path = "images/navbar_background@2x.png"; sourceTree = "<group>"; };
		70033CA216F9FCB100A266F9 /* clock2.png */ = {isa = PBXFileReference; lastKnownFileType = image.png; name = clock2.png; path = images/clock2.png; sourceTree = "<group>"; };
		70033CA316F9FCB100A266F9 /* clock2@2x.png */ = {isa = PBXFileReference; lastKnownFileType = image.png; name = "clock2@2x.png"; path = "images/clock2@2x.png"; sourceTree = "<group>"; };
		70033CA616F9FD1300A266F9 /* money2.png */ = {isa = PBXFileReference; lastKnownFileType = image.png; name = money2.png; path = images/money2.png; sourceTree = "<group>"; };
		70033CA716F9FD1300A266F9 /* money2@2x.png */ = {isa = PBXFileReference; lastKnownFileType = image.png; name = "money2@2x.png"; path = "images/money2@2x.png"; sourceTree = "<group>"; };
		70033CAA16FA00E600A266F9 /* balloon@2x.png */ = {isa = PBXFileReference; lastKnownFileType = image.png; name = "balloon@2x.png"; path = "images/balloon@2x.png"; sourceTree = "<group>"; };
		70033CAE16FB5A3500A266F9 /* name.png */ = {isa = PBXFileReference; lastKnownFileType = image.png; name = name.png; path = images/name.png; sourceTree = "<group>"; };
		70033CAF16FB5A3500A266F9 /* name@2x.png */ = {isa = PBXFileReference; lastKnownFileType = image.png; name = "name@2x.png"; path = "images/name@2x.png"; sourceTree = "<group>"; };
		70033CB216FB5AB800A266F9 /* EditProfileCell.h */ = {isa = PBXFileReference; fileEncoding = 4; lastKnownFileType = sourcecode.c.h; name = EditProfileCell.h; path = views/EditProfileCell.h; sourceTree = "<group>"; };
		70033CB316FB5AB800A266F9 /* EditProfileCell.m */ = {isa = PBXFileReference; fileEncoding = 4; lastKnownFileType = sourcecode.c.objc; name = EditProfileCell.m; path = views/EditProfileCell.m; sourceTree = "<group>"; };
		7078EECD16EA30B300083811 /* QueSta.app */ = {isa = PBXFileReference; explicitFileType = wrapper.application; includeInIndex = 0; path = QueSta.app; sourceTree = BUILT_PRODUCTS_DIR; };
		7078EED016EA30B300083811 /* UIKit.framework */ = {isa = PBXFileReference; lastKnownFileType = wrapper.framework; name = UIKit.framework; path = System/Library/Frameworks/UIKit.framework; sourceTree = SDKROOT; };
		7078EED216EA30B300083811 /* Foundation.framework */ = {isa = PBXFileReference; lastKnownFileType = wrapper.framework; name = Foundation.framework; path = System/Library/Frameworks/Foundation.framework; sourceTree = SDKROOT; };
		7078EED416EA30B300083811 /* CoreGraphics.framework */ = {isa = PBXFileReference; lastKnownFileType = wrapper.framework; name = CoreGraphics.framework; path = System/Library/Frameworks/CoreGraphics.framework; sourceTree = SDKROOT; };
		7078EED816EA30B300083811 /* QueSta-Info.plist */ = {isa = PBXFileReference; lastKnownFileType = text.plist.xml; path = "QueSta-Info.plist"; sourceTree = "<group>"; };
		7078EEDA16EA30B300083811 /* en */ = {isa = PBXFileReference; lastKnownFileType = text.plist.strings; name = en; path = en.lproj/InfoPlist.strings; sourceTree = "<group>"; };
		7078EEDC16EA30B300083811 /* main.m */ = {isa = PBXFileReference; lastKnownFileType = sourcecode.c.objc; path = main.m; sourceTree = "<group>"; };
		7078EEDE16EA30B300083811 /* QueSta-Prefix.pch */ = {isa = PBXFileReference; lastKnownFileType = sourcecode.c.h; path = "QueSta-Prefix.pch"; sourceTree = "<group>"; };
		7078EEDF16EA30B300083811 /* AppDelegate.h */ = {isa = PBXFileReference; lastKnownFileType = sourcecode.c.h; path = AppDelegate.h; sourceTree = "<group>"; };
		7078EEE016EA30B300083811 /* AppDelegate.m */ = {isa = PBXFileReference; lastKnownFileType = sourcecode.c.objc; path = AppDelegate.m; sourceTree = "<group>"; };
		7078EEE216EA30B300083811 /* Default.png */ = {isa = PBXFileReference; lastKnownFileType = image.png; path = Default.png; sourceTree = "<group>"; };
		7078EEE416EA30B300083811 /* Default@2x.png */ = {isa = PBXFileReference; lastKnownFileType = image.png; path = "Default@2x.png"; sourceTree = "<group>"; };
		7078EEE616EA30B300083811 /* Default-568h@2x.png */ = {isa = PBXFileReference; lastKnownFileType = image.png; path = "Default-568h@2x.png"; sourceTree = "<group>"; };
		7078EEED16EA30E000083811 /* Storyboard.storyboard */ = {isa = PBXFileReference; fileEncoding = 4; lastKnownFileType = file.storyboard; path = Storyboard.storyboard; sourceTree = "<group>"; };
		7078EEF216EA3BEC00083811 /* TLViewController.h */ = {isa = PBXFileReference; fileEncoding = 4; lastKnownFileType = sourcecode.c.h; name = TLViewController.h; path = controllers/TLViewController.h; sourceTree = "<group>"; };
		7078EEF316EA3BEC00083811 /* TLViewController.m */ = {isa = PBXFileReference; fileEncoding = 4; lastKnownFileType = sourcecode.c.objc; name = TLViewController.m; path = controllers/TLViewController.m; sourceTree = "<group>"; };
		7078EEF616EA3C2900083811 /* ProfileViewController.h */ = {isa = PBXFileReference; fileEncoding = 4; lastKnownFileType = sourcecode.c.h; name = ProfileViewController.h; path = controllers/ProfileViewController.h; sourceTree = "<group>"; };
		7078EEF716EA3C2900083811 /* ProfileViewController.m */ = {isa = PBXFileReference; fileEncoding = 4; lastKnownFileType = sourcecode.c.objc; name = ProfileViewController.m; path = controllers/ProfileViewController.m; sourceTree = "<group>"; };
		7078EEFD16EAB0B200083811 /* default_profile.png */ = {isa = PBXFileReference; lastKnownFileType = image.png; name = default_profile.png; path = images/default_profile.png; sourceTree = "<group>"; };
		7078EF0016EAC50700083811 /* ProfileCell.h */ = {isa = PBXFileReference; fileEncoding = 4; lastKnownFileType = sourcecode.c.h; name = ProfileCell.h; path = views/ProfileCell.h; sourceTree = "<group>"; };
		7078EF0116EAC50700083811 /* ProfileCell.m */ = {isa = PBXFileReference; fileEncoding = 4; lastKnownFileType = sourcecode.c.objc; name = ProfileCell.m; path = views/ProfileCell.m; sourceTree = "<group>"; };
		7078EF8816EB432F00083811 /* default_badge.png */ = {isa = PBXFileReference; lastKnownFileType = image.png; name = default_badge.png; path = images/default_badge.png; sourceTree = "<group>"; };
		7078EF8E16EB4AB200083811 /* default_background.png */ = {isa = PBXFileReference; lastKnownFileType = image.png; name = default_background.png; path = images/default_background.png; sourceTree = "<group>"; };
		7078EF9016EB4BEC00083811 /* profile.png */ = {isa = PBXFileReference; lastKnownFileType = image.png; name = profile.png; path = images/profile.png; sourceTree = "<group>"; };
		7078EF9116EB4BEC00083811 /* profile@2x.png */ = {isa = PBXFileReference; lastKnownFileType = image.png; name = "profile@2x.png"; path = "images/profile@2x.png"; sourceTree = "<group>"; };
		7078EF9416EB521A00083811 /* GraphCell.h */ = {isa = PBXFileReference; fileEncoding = 4; lastKnownFileType = sourcecode.c.h; name = GraphCell.h; path = views/GraphCell.h; sourceTree = "<group>"; };
		7078EF9516EB521A00083811 /* GraphCell.m */ = {isa = PBXFileReference; fileEncoding = 4; lastKnownFileType = sourcecode.c.objc; name = GraphCell.m; path = views/GraphCell.m; sourceTree = "<group>"; };
		7078EF9716EB9A5400083811 /* note.png */ = {isa = PBXFileReference; lastKnownFileType = image.png; name = note.png; path = images/note.png; sourceTree = "<group>"; };
		7078EF9816EB9A5500083811 /* note@2x.png */ = {isa = PBXFileReference; lastKnownFileType = image.png; name = "note@2x.png"; path = "images/note@2x.png"; sourceTree = "<group>"; };
		7078EF9B16EB9FDD00083811 /* SwitchCell.h */ = {isa = PBXFileReference; fileEncoding = 4; lastKnownFileType = sourcecode.c.h; name = SwitchCell.h; path = views/SwitchCell.h; sourceTree = "<group>"; };
		7078EF9C16EB9FDE00083811 /* SwitchCell.m */ = {isa = PBXFileReference; fileEncoding = 4; lastKnownFileType = sourcecode.c.objc; name = SwitchCell.m; path = views/SwitchCell.m; sourceTree = "<group>"; };
		7078EF9E16EBA02500083811 /* Graph7DaysCell.h */ = {isa = PBXFileReference; fileEncoding = 4; lastKnownFileType = sourcecode.c.h; name = Graph7DaysCell.h; path = views/Graph7DaysCell.h; sourceTree = "<group>"; };
		7078EF9F16EBA02600083811 /* Graph7DaysCell.m */ = {isa = PBXFileReference; fileEncoding = 4; lastKnownFileType = sourcecode.c.objc; name = Graph7DaysCell.m; path = views/Graph7DaysCell.m; sourceTree = "<group>"; };
		7078EFA116EC264400083811 /* TLCell.h */ = {isa = PBXFileReference; fileEncoding = 4; lastKnownFileType = sourcecode.c.h; name = TLCell.h; path = views/TLCell.h; sourceTree = "<group>"; };
		7078EFA216EC264500083811 /* TLCell.m */ = {isa = PBXFileReference; fileEncoding = 4; lastKnownFileType = sourcecode.c.objc; name = TLCell.m; path = views/TLCell.m; sourceTree = "<group>"; };
		7078EFA416EC62EE00083811 /* EditProfileViewController.h */ = {isa = PBXFileReference; fileEncoding = 4; lastKnownFileType = sourcecode.c.h; name = EditProfileViewController.h; path = controllers/EditProfileViewController.h; sourceTree = "<group>"; };
		7078EFA516EC62EF00083811 /* EditProfileViewController.m */ = {isa = PBXFileReference; fileEncoding = 4; lastKnownFileType = sourcecode.c.objc; name = EditProfileViewController.m; path = controllers/EditProfileViewController.m; sourceTree = "<group>"; };
		7098330A16EC64DB0093CA7D /* EditProfileImageCell.h */ = {isa = PBXFileReference; fileEncoding = 4; lastKnownFileType = sourcecode.c.h; name = EditProfileImageCell.h; path = views/EditProfileImageCell.h; sourceTree = "<group>"; };
		7098330B16EC64DB0093CA7D /* EditProfileImageCell.m */ = {isa = PBXFileReference; fileEncoding = 4; lastKnownFileType = sourcecode.c.objc; name = EditProfileImageCell.m; path = views/EditProfileImageCell.m; sourceTree = "<group>"; };
		7098330D16EC64F10093CA7D /* EditProfileTextCell.h */ = {isa = PBXFileReference; fileEncoding = 4; lastKnownFileType = sourcecode.c.h; path = EditProfileTextCell.h; sourceTree = "<group>"; };
		7098330E16EC64F10093CA7D /* EditProfileTextCell.m */ = {isa = PBXFileReference; fileEncoding = 4; lastKnownFileType = sourcecode.c.objc; path = EditProfileTextCell.m; sourceTree = "<group>"; };
		7098331016EDAC4A0093CA7D /* Profile.h */ = {isa = PBXFileReference; fileEncoding = 4; lastKnownFileType = sourcecode.c.h; name = Profile.h; path = models/Profile.h; sourceTree = "<group>"; };
		7098331116EDAC4A0093CA7D /* Profile.m */ = {isa = PBXFileReference; fileEncoding = 4; lastKnownFileType = sourcecode.c.objc; name = Profile.m; path = models/Profile.m; sourceTree = "<group>"; };
		7098331616EDEACF0093CA7D /* Status.h */ = {isa = PBXFileReference; fileEncoding = 4; lastKnownFileType = sourcecode.c.h; name = Status.h; path = models/Status.h; sourceTree = "<group>"; };
		7098331716EDEACF0093CA7D /* Status.m */ = {isa = PBXFileReference; fileEncoding = 4; lastKnownFileType = sourcecode.c.objc; name = Status.m; path = models/Status.m; sourceTree = "<group>"; };
		7098331916EDEAE00093CA7D /* StatusManager.h */ = {isa = PBXFileReference; fileEncoding = 4; lastKnownFileType = sourcecode.c.h; name = StatusManager.h; path = models/StatusManager.h; sourceTree = "<group>"; };
		7098331A16EDEAE10093CA7D /* StatusManager.m */ = {isa = PBXFileReference; fileEncoding = 4; lastKnownFileType = sourcecode.c.objc; name = StatusManager.m; path = models/StatusManager.m; sourceTree = "<group>"; };
		7098331C16EE0D470093CA7D /* ProfileManager.h */ = {isa = PBXFileReference; fileEncoding = 4; lastKnownFileType = sourcecode.c.h; name = ProfileManager.h; path = models/ProfileManager.h; sourceTree = "<group>"; };
		7098331D16EE0D470093CA7D /* ProfileManager.m */ = {isa = PBXFileReference; fileEncoding = 4; lastKnownFileType = sourcecode.c.objc; name = ProfileManager.m; path = models/ProfileManager.m; sourceTree = "<group>"; };
		70B43CF016F902B9008814BB /* LabelCell.h */ = {isa = PBXFileReference; fileEncoding = 4; lastKnownFileType = sourcecode.c.h; name = LabelCell.h; path = views/LabelCell.h; sourceTree = "<group>"; };
		70B43CF116F902B9008814BB /* LabelCell.m */ = {isa = PBXFileReference; fileEncoding = 4; lastKnownFileType = sourcecode.c.objc; name = LabelCell.m; path = views/LabelCell.m; sourceTree = "<group>"; };
		70F26F23170826010048E7E1 /* TLManager.h */ = {isa = PBXFileReference; fileEncoding = 4; lastKnownFileType = sourcecode.c.h; name = TLManager.h; path = models/TLManager.h; sourceTree = "<group>"; };
		70F26F24170826010048E7E1 /* TLManager.m */ = {isa = PBXFileReference; fileEncoding = 4; lastKnownFileType = sourcecode.c.objc; name = TLManager.m; path = models/TLManager.m; sourceTree = "<group>"; };
		70F26F26170826180048E7E1 /* TL.h */ = {isa = PBXFileReference; fileEncoding = 4; lastKnownFileType = sourcecode.c.h; name = TL.h; path = models/TL.h; sourceTree = "<group>"; };
		70F26F27170826180048E7E1 /* TL.m */ = {isa = PBXFileReference; fileEncoding = 4; lastKnownFileType = sourcecode.c.objc; name = TL.m; path = models/TL.m; sourceTree = "<group>"; };
/* End PBXFileReference section */

/* Begin PBXFrameworksBuildPhase section */
		7078EECA16EA30B300083811 /* Frameworks */ = {
			isa = PBXFrameworksBuildPhase;
			buildActionMask = 2147483647;
			files = (
				7078EED116EA30B300083811 /* UIKit.framework in Frameworks */,
				7078EED316EA30B300083811 /* Foundation.framework in Frameworks */,
				7078EED516EA30B300083811 /* CoreGraphics.framework in Frameworks */,
			);
			runOnlyForDeploymentPostprocessing = 0;
		};
/* End PBXFrameworksBuildPhase section */

/* Begin PBXGroup section */
		7078EEC416EA30B300083811 = {
			isa = PBXGroup;
			children = (
				7078EED616EA30B300083811 /* QueSta */,
				7078EECF16EA30B300083811 /* Frameworks */,
				7078EECE16EA30B300083811 /* Products */,
			);
			sourceTree = "<group>";
		};
		7078EECE16EA30B300083811 /* Products */ = {
			isa = PBXGroup;
			children = (
				7078EECD16EA30B300083811 /* QueSta.app */,
			);
			name = Products;
			sourceTree = "<group>";
		};
		7078EECF16EA30B300083811 /* Frameworks */ = {
			isa = PBXGroup;
			children = (
				7078EED016EA30B300083811 /* UIKit.framework */,
				7078EED216EA30B300083811 /* Foundation.framework */,
				7078EED416EA30B300083811 /* CoreGraphics.framework */,
			);
			name = Frameworks;
			sourceTree = "<group>";
		};
		7078EED616EA30B300083811 /* QueSta */ = {
			isa = PBXGroup;
			children = (
				7078EEDF16EA30B300083811 /* AppDelegate.h */,
				7078EEE016EA30B300083811 /* AppDelegate.m */,
				7078EEED16EA30E000083811 /* Storyboard.storyboard */,
				7078EF0316EAD4B900083811 /* models */,
				7078EEFF16EAC4D300083811 /* views */,
				7078EEF516EA3BF500083811 /* controllers */,
				7078EEFC16EAB09900083811 /* images */,
				7078EED716EA30B300083811 /* Supporting Files */,
			);
			path = QueSta;
			sourceTree = "<group>";
		};
		7078EED716EA30B300083811 /* Supporting Files */ = {
			isa = PBXGroup;
			children = (
				7078EED816EA30B300083811 /* QueSta-Info.plist */,
				7078EED916EA30B300083811 /* InfoPlist.strings */,
				7078EEDC16EA30B300083811 /* main.m */,
				7078EEDE16EA30B300083811 /* QueSta-Prefix.pch */,
				7078EEE216EA30B300083811 /* Default.png */,
				7078EEE416EA30B300083811 /* Default@2x.png */,
				7078EEE616EA30B300083811 /* Default-568h@2x.png */,
			);
			name = "Supporting Files";
			sourceTree = "<group>";
		};
		7078EEF516EA3BF500083811 /* controllers */ = {
			isa = PBXGroup;
			children = (
				7078EEF616EA3C2900083811 /* ProfileViewController.h */,
				7078EEF716EA3C2900083811 /* ProfileViewController.m */,
				7078EFA416EC62EE00083811 /* EditProfileViewController.h */,
				7078EFA516EC62EF00083811 /* EditProfileViewController.m */,
				7078EEF216EA3BEC00083811 /* TLViewController.h */,
				7078EEF316EA3BEC00083811 /* TLViewController.m */,
			);
			name = controllers;
			sourceTree = "<group>";
		};
		7078EEFC16EAB09900083811 /* images */ = {
			isa = PBXGroup;
			children = (
				70033CAE16FB5A3500A266F9 /* name.png */,
				70033CAF16FB5A3500A266F9 /* name@2x.png */,
				70033CAA16FA00E600A266F9 /* balloon@2x.png */,
				70033CA616F9FD1300A266F9 /* money2.png */,
				70033CA716F9FD1300A266F9 /* money2@2x.png */,
				70033CA216F9FCB100A266F9 /* clock2.png */,
				70033CA316F9FCB100A266F9 /* clock2@2x.png */,
				70033C9E16F9B21F00A266F9 /* navbar_background.png */,
				70033C9F16F9B21F00A266F9 /* navbar_background@2x.png */,
				70033C9A16F99FBB00A266F9 /* textForm.png */,
				70033C9B16F99FBB00A266F9 /* textForm@2x.png */,
				70033C9616F9983800A266F9 /* money.png */,
				70033C9716F9983800A266F9 /* money@2x.png */,
				70033C9216F9957B00A266F9 /* clock.png */,
				70033C9316F9957B00A266F9 /* clock@2x.png */,
				70033C8C16F97B1000A266F9 /* greenButton@2x.png */,
				70033C8A16F9715200A266F9 /* greenButton.png */,
				70033C8816F96EE700A266F9 /* balloon.png */,
				7078EF9716EB9A5400083811 /* note.png */,
				7078EF9816EB9A5500083811 /* note@2x.png */,
				7078EF9016EB4BEC00083811 /* profile.png */,
				7078EF9116EB4BEC00083811 /* profile@2x.png */,
				7078EF8E16EB4AB200083811 /* default_background.png */,
				70033C8316F9562F00A266F9 /* black_background.png */,
				7078EF8816EB432F00083811 /* default_badge.png */,
				7078EEFD16EAB0B200083811 /* default_profile.png */,
			);
			name = images;
			sourceTree = "<group>";
		};
		7078EEFF16EAC4D300083811 /* views */ = {
			isa = PBXGroup;
			children = (
				7078EF0016EAC50700083811 /* ProfileCell.h */,
				7078EF0116EAC50700083811 /* ProfileCell.m */,
				7098330A16EC64DB0093CA7D /* EditProfileImageCell.h */,
				7098330B16EC64DB0093CA7D /* EditProfileImageCell.m */,
				7098330D16EC64F10093CA7D /* EditProfileTextCell.h */,
				7098330E16EC64F10093CA7D /* EditProfileTextCell.m */,
				70033CB216FB5AB800A266F9 /* EditProfileCell.h */,
				70033CB316FB5AB800A266F9 /* EditProfileCell.m */,
				7078EF9B16EB9FDD00083811 /* SwitchCell.h */,
				7078EF9C16EB9FDE00083811 /* SwitchCell.m */,
				7078EF9416EB521A00083811 /* GraphCell.h */,
				7078EF9516EB521A00083811 /* GraphCell.m */,
				7078EF9E16EBA02500083811 /* Graph7DaysCell.h */,
				7078EF9F16EBA02600083811 /* Graph7DaysCell.m */,
				70033C8516F95EAA00A266F9 /* EditStatusCell.h */,
				70033C8616F95EAA00A266F9 /* EditStatusCell.m */,
				70B43CF016F902B9008814BB /* LabelCell.h */,
				70B43CF116F902B9008814BB /* LabelCell.m */,
				7078EFA116EC264400083811 /* TLCell.h */,
				7078EFA216EC264500083811 /* TLCell.m */,
			);
			name = views;
			sourceTree = "<group>";
		};
		7078EF0316EAD4B900083811 /* models */ = {
			isa = PBXGroup;
			children = (
				7098331016EDAC4A0093CA7D /* Profile.h */,
				7098331116EDAC4A0093CA7D /* Profile.m */,
				7098331616EDEACF0093CA7D /* Status.h */,
				7098331716EDEACF0093CA7D /* Status.m */,
				70F26F26170826180048E7E1 /* TL.h */,
				70F26F27170826180048E7E1 /* TL.m */,
				7098331C16EE0D470093CA7D /* ProfileManager.h */,
				7098331D16EE0D470093CA7D /* ProfileManager.m */,
				7098331916EDEAE00093CA7D /* StatusManager.h */,
				7098331A16EDEAE10093CA7D /* StatusManager.m */,
				70F26F23170826010048E7E1 /* TLManager.h */,
				70F26F24170826010048E7E1 /* TLManager.m */,
			);
			name = models;
			sourceTree = "<group>";
		};
/* End PBXGroup section */

/* Begin PBXNativeTarget section */
		7078EECC16EA30B300083811 /* QueSta */ = {
			isa = PBXNativeTarget;
			buildConfigurationList = 7078EEEA16EA30B300083811 /* Build configuration list for PBXNativeTarget "QueSta" */;
			buildPhases = (
				7078EEC916EA30B300083811 /* Sources */,
				7078EECA16EA30B300083811 /* Frameworks */,
				7078EECB16EA30B300083811 /* Resources */,
			);
			buildRules = (
			);
			dependencies = (
			);
			name = QueSta;
			productName = QueSta;
			productReference = 7078EECD16EA30B300083811 /* QueSta.app */;
			productType = "com.apple.product-type.application";
		};
/* End PBXNativeTarget section */

/* Begin PBXProject section */
		7078EEC516EA30B300083811 /* Project object */ = {
			isa = PBXProject;
			attributes = {
				LastUpgradeCheck = 0460;
				ORGANIZATIONNAME = yusuke_yasuo;
			};
			buildConfigurationList = 7078EEC816EA30B300083811 /* Build configuration list for PBXProject "QueSta" */;
			compatibilityVersion = "Xcode 3.2";
			developmentRegion = English;
			hasScannedForEncodings = 0;
			knownRegions = (
				en,
			);
			mainGroup = 7078EEC416EA30B300083811;
			productRefGroup = 7078EECE16EA30B300083811 /* Products */;
			projectDirPath = "";
			projectRoot = "";
			targets = (
				7078EECC16EA30B300083811 /* QueSta */,
			);
		};
/* End PBXProject section */

/* Begin PBXResourcesBuildPhase section */
		7078EECB16EA30B300083811 /* Resources */ = {
			isa = PBXResourcesBuildPhase;
			buildActionMask = 2147483647;
			files = (
				7078EEDB16EA30B300083811 /* InfoPlist.strings in Resources */,
				7078EEE316EA30B300083811 /* Default.png in Resources */,
				7078EEE516EA30B300083811 /* Default@2x.png in Resources */,
				7078EEE716EA30B300083811 /* Default-568h@2x.png in Resources */,
				7078EEEE16EA30E000083811 /* Storyboard.storyboard in Resources */,
				7078EEFE16EAB0B200083811 /* default_profile.png in Resources */,
				7078EF8916EB432F00083811 /* default_badge.png in Resources */,
				7078EF8F16EB4AB300083811 /* default_background.png in Resources */,
				7078EF9216EB4BEC00083811 /* profile.png in Resources */,
				7078EF9316EB4BEC00083811 /* profile@2x.png in Resources */,
				7078EF9916EB9A5500083811 /* note.png in Resources */,
				7078EF9A16EB9A5500083811 /* note@2x.png in Resources */,
				70033C8416F9562F00A266F9 /* black_background.png in Resources */,
				70033C8916F96EE700A266F9 /* balloon.png in Resources */,
				70033C8B16F9715200A266F9 /* greenButton.png in Resources */,
				70033C8D16F97B1000A266F9 /* greenButton@2x.png in Resources */,
				70033C9416F9957B00A266F9 /* clock.png in Resources */,
				70033C9516F9957B00A266F9 /* clock@2x.png in Resources */,
				70033C9816F9983800A266F9 /* money.png in Resources */,
				70033C9916F9983800A266F9 /* money@2x.png in Resources */,
				70033C9C16F99FBB00A266F9 /* textForm.png in Resources */,
				70033C9D16F99FBB00A266F9 /* textForm@2x.png in Resources */,
				70033CA016F9B21F00A266F9 /* navbar_background.png in Resources */,
				70033CA116F9B21F00A266F9 /* navbar_background@2x.png in Resources */,
				70033CA416F9FCB100A266F9 /* clock2.png in Resources */,
				70033CA516F9FCB100A266F9 /* clock2@2x.png in Resources */,
				70033CA816F9FD1300A266F9 /* money2.png in Resources */,
				70033CA916F9FD1300A266F9 /* money2@2x.png in Resources */,
				70033CAB16FA00E600A266F9 /* balloon@2x.png in Resources */,
				70033CB016FB5A3500A266F9 /* name.png in Resources */,
				70033CB116FB5A3500A266F9 /* name@2x.png in Resources */,
			);
			runOnlyForDeploymentPostprocessing = 0;
		};
/* End PBXResourcesBuildPhase section */

/* Begin PBXSourcesBuildPhase section */
		7078EEC916EA30B300083811 /* Sources */ = {
			isa = PBXSourcesBuildPhase;
			buildActionMask = 2147483647;
			files = (
				7078EEDD16EA30B300083811 /* main.m in Sources */,
				7078EEE116EA30B300083811 /* AppDelegate.m in Sources */,
				7078EEF416EA3BED00083811 /* TLViewController.m in Sources */,
				7078EEF816EA3C2A00083811 /* ProfileViewController.m in Sources */,
				7078EF0216EAC50700083811 /* ProfileCell.m in Sources */,
				7078EF9616EB521A00083811 /* GraphCell.m in Sources */,
				7078EF9D16EB9FDE00083811 /* SwitchCell.m in Sources */,
				7078EFA016EBA02600083811 /* Graph7DaysCell.m in Sources */,
				7078EFA316EC264800083811 /* TLCell.m in Sources */,
				7078EFA616EC62F100083811 /* EditProfileViewController.m in Sources */,
				7098330C16EC64DB0093CA7D /* EditProfileImageCell.m in Sources */,
				7098330F16EC64F10093CA7D /* EditProfileTextCell.m in Sources */,
				7098331216EDAC4A0093CA7D /* Profile.m in Sources */,
				7098331816EDEACF0093CA7D /* Status.m in Sources */,
				7098331B16EDEAE10093CA7D /* StatusManager.m in Sources */,
				7098331E16EE0D470093CA7D /* ProfileManager.m in Sources */,
				70B43CF216F902B9008814BB /* LabelCell.m in Sources */,
				70033C8716F95EAA00A266F9 /* EditStatusCell.m in Sources */,
				70033CB416FB5AB800A266F9 /* EditProfileCell.m in Sources */,
				70F26F25170826010048E7E1 /* TLManager.m in Sources */,
				70F26F28170826180048E7E1 /* TL.m in Sources */,
			);
			runOnlyForDeploymentPostprocessing = 0;
		};
/* End PBXSourcesBuildPhase section */

/* Begin PBXVariantGroup section */
		7078EED916EA30B300083811 /* InfoPlist.strings */ = {
			isa = PBXVariantGroup;
			children = (
				7078EEDA16EA30B300083811 /* en */,
			);
			name = InfoPlist.strings;
			sourceTree = "<group>";
		};
/* End PBXVariantGroup section */

/* Begin XCBuildConfiguration section */
		7078EEE816EA30B300083811 /* Debug */ = {
			isa = XCBuildConfiguration;
			buildSettings = {
				ALWAYS_SEARCH_USER_PATHS = NO;
				CLANG_CXX_LANGUAGE_STANDARD = "gnu++0x";
				CLANG_CXX_LIBRARY = "libc++";
				CLANG_ENABLE_OBJC_ARC = YES;
				CLANG_WARN_CONSTANT_CONVERSION = YES;
				CLANG_WARN_EMPTY_BODY = YES;
				CLANG_WARN_ENUM_CONVERSION = YES;
				CLANG_WARN_INT_CONVERSION = YES;
				CLANG_WARN__DUPLICATE_METHOD_MATCH = YES;
				"CODE_SIGN_IDENTITY[sdk=iphoneos*]" = "iPhone Developer";
				COPY_PHASE_STRIP = NO;
				GCC_C_LANGUAGE_STANDARD = gnu99;
				GCC_DYNAMIC_NO_PIC = NO;
				GCC_OPTIMIZATION_LEVEL = 0;
				GCC_PREPROCESSOR_DEFINITIONS = (
					"DEBUG=1",
					"$(inherited)",
				);
				GCC_SYMBOLS_PRIVATE_EXTERN = NO;
				GCC_WARN_ABOUT_RETURN_TYPE = YES;
				GCC_WARN_UNINITIALIZED_AUTOS = YES;
				GCC_WARN_UNUSED_VARIABLE = YES;
				IPHONEOS_DEPLOYMENT_TARGET = 6.1;
				ONLY_ACTIVE_ARCH = YES;
				SDKROOT = iphoneos;
			};
			name = Debug;
		};
		7078EEE916EA30B300083811 /* Release */ = {
			isa = XCBuildConfiguration;
			buildSettings = {
				ALWAYS_SEARCH_USER_PATHS = NO;
				CLANG_CXX_LANGUAGE_STANDARD = "gnu++0x";
				CLANG_CXX_LIBRARY = "libc++";
				CLANG_ENABLE_OBJC_ARC = YES;
				CLANG_WARN_CONSTANT_CONVERSION = YES;
				CLANG_WARN_EMPTY_BODY = YES;
				CLANG_WARN_ENUM_CONVERSION = YES;
				CLANG_WARN_INT_CONVERSION = YES;
				CLANG_WARN__DUPLICATE_METHOD_MATCH = YES;
				"CODE_SIGN_IDENTITY[sdk=iphoneos*]" = "iPhone Developer";
				COPY_PHASE_STRIP = YES;
				GCC_C_LANGUAGE_STANDARD = gnu99;
				GCC_WARN_ABOUT_RETURN_TYPE = YES;
				GCC_WARN_UNINITIALIZED_AUTOS = YES;
				GCC_WARN_UNUSED_VARIABLE = YES;
				IPHONEOS_DEPLOYMENT_TARGET = 6.1;
				OTHER_CFLAGS = "-DNS_BLOCK_ASSERTIONS=1";
				SDKROOT = iphoneos;
				VALIDATE_PRODUCT = YES;
			};
			name = Release;
		};
		7078EEEB16EA30B300083811 /* Debug */ = {
			isa = XCBuildConfiguration;
			buildSettings = {
				GCC_PRECOMPILE_PREFIX_HEADER = YES;
				GCC_PREFIX_HEADER = "QueSta/QueSta-Prefix.pch";
				INFOPLIST_FILE = "QueSta/QueSta-Info.plist";
				IPHONEOS_DEPLOYMENT_TARGET = 6.0;
				PRODUCT_NAME = "$(TARGET_NAME)";
				WRAPPER_EXTENSION = app;
			};
			name = Debug;
		};
		7078EEEC16EA30B300083811 /* Release */ = {
			isa = XCBuildConfiguration;
			buildSettings = {
				GCC_PRECOMPILE_PREFIX_HEADER = YES;
				GCC_PREFIX_HEADER = "QueSta/QueSta-Prefix.pch";
				INFOPLIST_FILE = "QueSta/QueSta-Info.plist";
				IPHONEOS_DEPLOYMENT_TARGET = 6.0;
				PRODUCT_NAME = "$(TARGET_NAME)";
				WRAPPER_EXTENSION = app;
			};
			name = Release;
		};
/* End XCBuildConfiguration section */

/* Begin XCConfigurationList section */
		7078EEC816EA30B300083811 /* Build configuration list for PBXProject "QueSta" */ = {
			isa = XCConfigurationList;
			buildConfigurations = (
				7078EEE816EA30B300083811 /* Debug */,
				7078EEE916EA30B300083811 /* Release */,
			);
			defaultConfigurationIsVisible = 0;
			defaultConfigurationName = Release;
		};
		7078EEEA16EA30B300083811 /* Build configuration list for PBXNativeTarget "QueSta" */ = {
			isa = XCConfigurationList;
			buildConfigurations = (
				7078EEEB16EA30B300083811 /* Debug */,
				7078EEEC16EA30B300083811 /* Release */,
			);
			defaultConfigurationIsVisible = 0;
			defaultConfigurationName = Release;
		};
/* End XCConfigurationList section */
	};
	rootObject = 7078EEC516EA30B300083811 /* Project object */;
}
